
Microsoft Visual Studio Solution File, Format Version 12.00
# Visual Studio Version 17
VisualStudioVersion = 17.8.34408.163
MinimumVisualStudioVersion = 10.0.40219.1
Project("{9A19103F-16F7-4668-BE54-9A1E7A4F7556}") = "CSI.IBTA.Administrator", "src\CSI.IBTA.Administrator\CSI.IBTA.Administrator.csproj", "{BE980097-A27D-47D6-A11D-6A603764D173}"
EndProject
Project("{9A19103F-16F7-4668-BE54-9A1E7A4F7556}") = "CSI.IBTA.Employer", "src\CSI.IBTA.Employer\CSI.IBTA.Employer.csproj", "{8FA9B76B-E651-44C5-8602-C66C79119CAE}"
EndProject
Project("{9A19103F-16F7-4668-BE54-9A1E7A4F7556}") = "CSI.IBTA.Customer", "src\CSI.IBTA.Customer\CSI.IBTA.Customer.csproj", "{D639B860-3BF0-4AFE-9D57-E6D675BAEBCA}"
EndProject
Project("{9A19103F-16F7-4668-BE54-9A1E7A4F7556}") = "CSI.IBTA.ProcessingService", "src\CSI.IBTA.ProcessingService\CSI.IBTA.ProcessingService.csproj", "{BB000463-0924-44CA-BEB3-1D9C6C706382}"
EndProject
Project("{9A19103F-16F7-4668-BE54-9A1E7A4F7556}") = "CSI.IBTA.Shared", "src\CSI.IBTA.Shared\CSI.IBTA.Shared.csproj", "{967A6D9A-54CF-4DDC-B17F-4E17DF6333A5}"
EndProject
Project("{2150E333-8FDC-42A3-9474-1A3956D46DE8}") = "src", "src", "{184FDAF1-A872-4456-9A50-6E94C499B056}"
EndProject
Project("{9A19103F-16F7-4668-BE54-9A1E7A4F7556}") = "CSI.IBTA.Administrator.Tests", "tests\CSI.IBTA.Administrator.Tests\CSI.IBTA.Administrator.Tests.csproj", "{F09118CF-52F3-4DC7-ACDC-11E24EE7429A}"
EndProject
Project("{2150E333-8FDC-42A3-9474-1A3956D46DE8}") = "tests", "tests", "{35017032-6445-459B-87B0-B7771008863E}"
EndProject
Project("{9A19103F-16F7-4668-BE54-9A1E7A4F7556}") = "CSI.IBTA.DB.Migrations", "src\CSI.IBTA.DB.Migrations\CSI.IBTA.DB.Migrations.csproj", "{B41857E6-CA47-4AEB-B0A9-D6F8E93C0C19}"
EndProject
Project("{9A19103F-16F7-4668-BE54-9A1E7A4F7556}") = "CSI.IBTA.DataLayer", "src\CSI.IBTA.DataLayer\CSI.IBTA.DataLayer.csproj", "{0CEDB630-6D1D-4C41-A09D-C7EDFC8F72EB}"
EndProject
Project("{9A19103F-16F7-4668-BE54-9A1E7A4F7556}") = "CSI.IBTA.AuthService", "src\CSI.IBTA.AuthService\CSI.IBTA.AuthService.csproj", "{15CC6A5E-7B96-477D-BA61-74CC58B2DB95}"
EndProject
Project("{9A19103F-16F7-4668-BE54-9A1E7A4F7556}") = "CSI.IBTA.UserService", "src\CSI.IBTA.UserService\CSI.IBTA.UserService.csproj", "{EBDEB42B-B51C-46A2-BE15-208A06CF7FC8}"
EndProject
Project("{00D1A9C2-B5F0-4AF3-8072-F6C62B433612}") = "CSI.IBTA.DB.AuthDatabase", "src\CSI.IBTA.DB.AuthDatabase\CSI.IBTA.DB.AuthDatabase.sqlproj", "{4FC9E688-8265-4F49-AB60-5179F3F02060}"
EndProject
Project("{00D1A9C2-B5F0-4AF3-8072-F6C62B433612}") = "CSI.IBTA.DB.BenefitsDatabase", "src\CSI.IBTA.DB.BenefitsDatabase\CSI.IBTA.DB.BenefitsDatabase.sqlproj", "{5FFE9464-3955-44E6-BCE8-68D8F654DF47}"
EndProject
Global
	GlobalSection(SolutionConfigurationPlatforms) = preSolution
		Debug|Any CPU = Debug|Any CPU
		Release|Any CPU = Release|Any CPU
		Release-no-db|Any CPU = Release-no-db|Any CPU
	EndGlobalSection
	GlobalSection(ProjectConfigurationPlatforms) = postSolution
		{BE980097-A27D-47D6-A11D-6A603764D173}.Debug|Any CPU.ActiveCfg = Debug|Any CPU
		{BE980097-A27D-47D6-A11D-6A603764D173}.Debug|Any CPU.Build.0 = Debug|Any CPU
		{BE980097-A27D-47D6-A11D-6A603764D173}.Release|Any CPU.ActiveCfg = Release|Any CPU
		{BE980097-A27D-47D6-A11D-6A603764D173}.Release|Any CPU.Build.0 = Release|Any CPU
		{BE980097-A27D-47D6-A11D-6A603764D173}.Release-no-db|Any CPU.ActiveCfg = Release-no-db|Any CPU
		{BE980097-A27D-47D6-A11D-6A603764D173}.Release-no-db|Any CPU.Build.0 = Release-no-db|Any CPU
		{8FA9B76B-E651-44C5-8602-C66C79119CAE}.Debug|Any CPU.ActiveCfg = Debug|Any CPU
		{8FA9B76B-E651-44C5-8602-C66C79119CAE}.Debug|Any CPU.Build.0 = Debug|Any CPU
		{8FA9B76B-E651-44C5-8602-C66C79119CAE}.Release|Any CPU.ActiveCfg = Release|Any CPU
		{8FA9B76B-E651-44C5-8602-C66C79119CAE}.Release|Any CPU.Build.0 = Release|Any CPU
		{8FA9B76B-E651-44C5-8602-C66C79119CAE}.Release-no-db|Any CPU.ActiveCfg = Release-no-db|Any CPU
		{8FA9B76B-E651-44C5-8602-C66C79119CAE}.Release-no-db|Any CPU.Build.0 = Release-no-db|Any CPU
		{D639B860-3BF0-4AFE-9D57-E6D675BAEBCA}.Debug|Any CPU.ActiveCfg = Debug|Any CPU
		{D639B860-3BF0-4AFE-9D57-E6D675BAEBCA}.Debug|Any CPU.Build.0 = Debug|Any CPU
		{D639B860-3BF0-4AFE-9D57-E6D675BAEBCA}.Release|Any CPU.ActiveCfg = Release|Any CPU
		{D639B860-3BF0-4AFE-9D57-E6D675BAEBCA}.Release|Any CPU.Build.0 = Release|Any CPU
		{D639B860-3BF0-4AFE-9D57-E6D675BAEBCA}.Release-no-db|Any CPU.ActiveCfg = Release-no-db|Any CPU
		{D639B860-3BF0-4AFE-9D57-E6D675BAEBCA}.Release-no-db|Any CPU.Build.0 = Release-no-db|Any CPU
		{BB000463-0924-44CA-BEB3-1D9C6C706382}.Debug|Any CPU.ActiveCfg = Debug|Any CPU
		{BB000463-0924-44CA-BEB3-1D9C6C706382}.Debug|Any CPU.Build.0 = Debug|Any CPU
		{BB000463-0924-44CA-BEB3-1D9C6C706382}.Release|Any CPU.ActiveCfg = Release|Any CPU
		{BB000463-0924-44CA-BEB3-1D9C6C706382}.Release|Any CPU.Build.0 = Release|Any CPU
		{BB000463-0924-44CA-BEB3-1D9C6C706382}.Release-no-db|Any CPU.ActiveCfg = Release-no-db|Any CPU
		{BB000463-0924-44CA-BEB3-1D9C6C706382}.Release-no-db|Any CPU.Build.0 = Release-no-db|Any CPU
		{967A6D9A-54CF-4DDC-B17F-4E17DF6333A5}.Debug|Any CPU.ActiveCfg = Debug|Any CPU
		{967A6D9A-54CF-4DDC-B17F-4E17DF6333A5}.Debug|Any CPU.Build.0 = Debug|Any CPU
		{967A6D9A-54CF-4DDC-B17F-4E17DF6333A5}.Release|Any CPU.ActiveCfg = Release|Any CPU
		{967A6D9A-54CF-4DDC-B17F-4E17DF6333A5}.Release|Any CPU.Build.0 = Release|Any CPU
		{967A6D9A-54CF-4DDC-B17F-4E17DF6333A5}.Release-no-db|Any CPU.ActiveCfg = Release-no-db|Any CPU
		{967A6D9A-54CF-4DDC-B17F-4E17DF6333A5}.Release-no-db|Any CPU.Build.0 = Release-no-db|Any CPU
		{F09118CF-52F3-4DC7-ACDC-11E24EE7429A}.Debug|Any CPU.ActiveCfg = Debug|Any CPU
		{F09118CF-52F3-4DC7-ACDC-11E24EE7429A}.Debug|Any CPU.Build.0 = Debug|Any CPU
		{F09118CF-52F3-4DC7-ACDC-11E24EE7429A}.Release|Any CPU.ActiveCfg = Release|Any CPU
		{F09118CF-52F3-4DC7-ACDC-11E24EE7429A}.Release|Any CPU.Build.0 = Release|Any CPU
		{F09118CF-52F3-4DC7-ACDC-11E24EE7429A}.Release-no-db|Any CPU.ActiveCfg = Release-no-db|Any CPU
		{F09118CF-52F3-4DC7-ACDC-11E24EE7429A}.Release-no-db|Any CPU.Build.0 = Release-no-db|Any CPU
		{B41857E6-CA47-4AEB-B0A9-D6F8E93C0C19}.Debug|Any CPU.ActiveCfg = Debug|Any CPU
		{B41857E6-CA47-4AEB-B0A9-D6F8E93C0C19}.Debug|Any CPU.Build.0 = Debug|Any CPU
		{B41857E6-CA47-4AEB-B0A9-D6F8E93C0C19}.Release|Any CPU.ActiveCfg = Release|Any CPU
		{B41857E6-CA47-4AEB-B0A9-D6F8E93C0C19}.Release|Any CPU.Build.0 = Release|Any CPU
		{B41857E6-CA47-4AEB-B0A9-D6F8E93C0C19}.Release-no-db|Any CPU.ActiveCfg = Release|Any CPU
		{B41857E6-CA47-4AEB-B0A9-D6F8E93C0C19}.Release-no-db|Any CPU.Build.0 = Release|Any CPU
		{0CEDB630-6D1D-4C41-A09D-C7EDFC8F72EB}.Debug|Any CPU.ActiveCfg = Debug|Any CPU
		{0CEDB630-6D1D-4C41-A09D-C7EDFC8F72EB}.Debug|Any CPU.Build.0 = Debug|Any CPU
		{0CEDB630-6D1D-4C41-A09D-C7EDFC8F72EB}.Release|Any CPU.ActiveCfg = Release|Any CPU
		{0CEDB630-6D1D-4C41-A09D-C7EDFC8F72EB}.Release|Any CPU.Build.0 = Release|Any CPU
		{0CEDB630-6D1D-4C41-A09D-C7EDFC8F72EB}.Release-no-db|Any CPU.ActiveCfg = Release|Any CPU
		{0CEDB630-6D1D-4C41-A09D-C7EDFC8F72EB}.Release-no-db|Any CPU.Build.0 = Release|Any CPU
		{15CC6A5E-7B96-477D-BA61-74CC58B2DB95}.Debug|Any CPU.ActiveCfg = Debug|Any CPU
		{15CC6A5E-7B96-477D-BA61-74CC58B2DB95}.Debug|Any CPU.Build.0 = Debug|Any CPU
		{15CC6A5E-7B96-477D-BA61-74CC58B2DB95}.Release|Any CPU.ActiveCfg = Release|Any CPU
		{15CC6A5E-7B96-477D-BA61-74CC58B2DB95}.Release|Any CPU.Build.0 = Release|Any CPU
		{15CC6A5E-7B96-477D-BA61-74CC58B2DB95}.Release-no-db|Any CPU.ActiveCfg = Release|Any CPU
		{15CC6A5E-7B96-477D-BA61-74CC58B2DB95}.Release-no-db|Any CPU.Build.0 = Release|Any CPU
		{EBDEB42B-B51C-46A2-BE15-208A06CF7FC8}.Debug|Any CPU.ActiveCfg = Debug|Any CPU
		{EBDEB42B-B51C-46A2-BE15-208A06CF7FC8}.Debug|Any CPU.Build.0 = Debug|Any CPU
		{EBDEB42B-B51C-46A2-BE15-208A06CF7FC8}.Release|Any CPU.ActiveCfg = Release|Any CPU
		{EBDEB42B-B51C-46A2-BE15-208A06CF7FC8}.Release|Any CPU.Build.0 = Release|Any CPU
		{EBDEB42B-B51C-46A2-BE15-208A06CF7FC8}.Release-no-db|Any CPU.ActiveCfg = Release|Any CPU
		{EBDEB42B-B51C-46A2-BE15-208A06CF7FC8}.Release-no-db|Any CPU.Build.0 = Release|Any CPU
		{4FC9E688-8265-4F49-AB60-5179F3F02060}.Debug|Any CPU.ActiveCfg = Debug|Any CPU
		{4FC9E688-8265-4F49-AB60-5179F3F02060}.Debug|Any CPU.Build.0 = Debug|Any CPU
		{4FC9E688-8265-4F49-AB60-5179F3F02060}.Debug|Any CPU.Deploy.0 = Debug|Any CPU
		{4FC9E688-8265-4F49-AB60-5179F3F02060}.Release|Any CPU.ActiveCfg = Release|Any CPU
		{4FC9E688-8265-4F49-AB60-5179F3F02060}.Release|Any CPU.Build.0 = Release|Any CPU
		{4FC9E688-8265-4F49-AB60-5179F3F02060}.Release|Any CPU.Deploy.0 = Release|Any CPU
		{4FC9E688-8265-4F49-AB60-5179F3F02060}.Release-no-db|Any CPU.ActiveCfg = Release|Any CPU
		{4FC9E688-8265-4F49-AB60-5179F3F02060}.Release-no-db|Any CPU.Build.0 = Release|Any CPU
		{4FC9E688-8265-4F49-AB60-5179F3F02060}.Release-no-db|Any CPU.Deploy.0 = Release|Any CPU
		{5FFE9464-3955-44E6-BCE8-68D8F654DF47}.Debug|Any CPU.ActiveCfg = Debug|Any CPU
		{5FFE9464-3955-44E6-BCE8-68D8F654DF47}.Debug|Any CPU.Build.0 = Debug|Any CPU
		{5FFE9464-3955-44E6-BCE8-68D8F654DF47}.Debug|Any CPU.Deploy.0 = Debug|Any CPU
		{5FFE9464-3955-44E6-BCE8-68D8F654DF47}.Release|Any CPU.ActiveCfg = Release|Any CPU
		{5FFE9464-3955-44E6-BCE8-68D8F654DF47}.Release|Any CPU.Build.0 = Release|Any CPU
		{5FFE9464-3955-44E6-BCE8-68D8F654DF47}.Release|Any CPU.Deploy.0 = Release|Any CPU
		{5FFE9464-3955-44E6-BCE8-68D8F654DF47}.Release-no-db|Any CPU.ActiveCfg = Release|Any CPU
		{5FFE9464-3955-44E6-BCE8-68D8F654DF47}.Release-no-db|Any CPU.Build.0 = Release|Any CPU
		{5FFE9464-3955-44E6-BCE8-68D8F654DF47}.Release-no-db|Any CPU.Deploy.0 = Release|Any CPU
	EndGlobalSection
	GlobalSection(SolutionProperties) = preSolution
		HideSolutionNode = FALSE
	EndGlobalSection
	GlobalSection(NestedProjects) = preSolution
		{BE980097-A27D-47D6-A11D-6A603764D173} = {184FDAF1-A872-4456-9A50-6E94C499B056}
		{8FA9B76B-E651-44C5-8602-C66C79119CAE} = {184FDAF1-A872-4456-9A50-6E94C499B056}
		{D639B860-3BF0-4AFE-9D57-E6D675BAEBCA} = {184FDAF1-A872-4456-9A50-6E94C499B056}
		{BB000463-0924-44CA-BEB3-1D9C6C706382} = {184FDAF1-A872-4456-9A50-6E94C499B056}
		{967A6D9A-54CF-4DDC-B17F-4E17DF6333A5} = {184FDAF1-A872-4456-9A50-6E94C499B056}
		{F09118CF-52F3-4DC7-ACDC-11E24EE7429A} = {35017032-6445-459B-87B0-B7771008863E}
		{B41857E6-CA47-4AEB-B0A9-D6F8E93C0C19} = {184FDAF1-A872-4456-9A50-6E94C499B056}
		{0CEDB630-6D1D-4C41-A09D-C7EDFC8F72EB} = {184FDAF1-A872-4456-9A50-6E94C499B056}
		{15CC6A5E-7B96-477D-BA61-74CC58B2DB95} = {184FDAF1-A872-4456-9A50-6E94C499B056}
		{EBDEB42B-B51C-46A2-BE15-208A06CF7FC8} = {184FDAF1-A872-4456-9A50-6E94C499B056}
		{4FC9E688-8265-4F49-AB60-5179F3F02060} = {184FDAF1-A872-4456-9A50-6E94C499B056}
		{5FFE9464-3955-44E6-BCE8-68D8F654DF47} = {184FDAF1-A872-4456-9A50-6E94C499B056}
	EndGlobalSection
	GlobalSection(ExtensibilityGlobals) = postSolution
		SolutionGuid = {B4D356A8-C3E0-41B7-88B2-7EDD98F10B84}
	EndGlobalSection
EndGlobal
